// !$*UTF8*$!
{
	archiveVersion = 1;
	classes = {
	};
	objectVersion = 50;
	objects = {

/* Begin PBXBuildFile section */
		E96E501023A3518F0092503F /* URLSessionExtensions.framework in Frameworks */ = {isa = PBXBuildFile; fileRef = E96E500623A3518E0092503F /* URLSessionExtensions.framework */; };
		E96E501523A3518F0092503F /* URLSessionExtensionsTests.swift in Sources */ = {isa = PBXBuildFile; fileRef = E96E501423A3518F0092503F /* URLSessionExtensionsTests.swift */; };
		E96E501723A3518F0092503F /* URLSessionExtensions.h in Headers */ = {isa = PBXBuildFile; fileRef = E96E500923A3518E0092503F /* URLSessionExtensions.h */; settings = {ATTRIBUTES = (Public, ); }; };
/* End PBXBuildFile section */

/* Begin PBXContainerItemProxy section */
		E96E501123A3518F0092503F /* PBXContainerItemProxy */ = {
			isa = PBXContainerItemProxy;
			containerPortal = E96E4FFD23A3518E0092503F /* Project object */;
			proxyType = 1;
			remoteGlobalIDString = E96E500523A3518E0092503F;
			remoteInfo = URLSessionExtensions;
		};
/* End PBXContainerItemProxy section */

/* Begin PBXFileReference section */
		E96E500623A3518E0092503F /* URLSessionExtensions.framework */ = {isa = PBXFileReference; explicitFileType = wrapper.framework; includeInIndex = 0; path = URLSessionExtensions.framework; sourceTree = BUILT_PRODUCTS_DIR; };
		E96E500923A3518E0092503F /* URLSessionExtensions.h */ = {isa = PBXFileReference; lastKnownFileType = sourcecode.c.h; path = URLSessionExtensions.h; sourceTree = "<group>"; };
		E96E500A23A3518E0092503F /* Info.plist */ = {isa = PBXFileReference; lastKnownFileType = text.plist.xml; path = Info.plist; sourceTree = "<group>"; };
		E96E500F23A3518F0092503F /* URLSessionExtensionsTests.xctest */ = {isa = PBXFileReference; explicitFileType = wrapper.cfbundle; includeInIndex = 0; path = URLSessionExtensionsTests.xctest; sourceTree = BUILT_PRODUCTS_DIR; };
		E96E501423A3518F0092503F /* URLSessionExtensionsTests.swift */ = {isa = PBXFileReference; lastKnownFileType = sourcecode.swift; path = URLSessionExtensionsTests.swift; sourceTree = "<group>"; };
		E96E501623A3518F0092503F /* Info.plist */ = {isa = PBXFileReference; lastKnownFileType = text.plist.xml; path = Info.plist; sourceTree = "<group>"; };
/* End PBXFileReference section */

/* Begin PBXFrameworksBuildPhase section */
		E96E500323A3518E0092503F /* Frameworks */ = {
			isa = PBXFrameworksBuildPhase;
			buildActionMask = 2147483647;
			files = (
			);
			runOnlyForDeploymentPostprocessing = 0;
		};
		E96E500C23A3518F0092503F /* Frameworks */ = {
			isa = PBXFrameworksBuildPhase;
			buildActionMask = 2147483647;
			files = (
				E96E501023A3518F0092503F /* URLSessionExtensions.framework in Frameworks */,
			);
			runOnlyForDeploymentPostprocessing = 0;
		};
/* End PBXFrameworksBuildPhase section */

/* Begin PBXGroup section */
		E96E4FFC23A3518E0092503F = {
			isa = PBXGroup;
			children = (
				E96E500823A3518E0092503F /* URLSessionExtensions */,
				E96E501323A3518F0092503F /* URLSessionExtensionsTests */,
				E96E500723A3518E0092503F /* Products */,
			);
			sourceTree = "<group>";
		};
		E96E500723A3518E0092503F /* Products */ = {
			isa = PBXGroup;
			children = (
				E96E500623A3518E0092503F /* URLSessionExtensions.framework */,
				E96E500F23A3518F0092503F /* URLSessionExtensionsTests.xctest */,
			);
			name = Products;
			sourceTree = "<group>";
		};
		E96E500823A3518E0092503F /* URLSessionExtensions */ = {
			isa = PBXGroup;
			children = (
				E96E500923A3518E0092503F /* URLSessionExtensions.h */,
				E96E500A23A3518E0092503F /* Info.plist */,
			);
			path = URLSessionExtensions;
			sourceTree = "<group>";
		};
		E96E501323A3518F0092503F /* URLSessionExtensionsTests */ = {
			isa = PBXGroup;
			children = (
				E96E501423A3518F0092503F /* URLSessionExtensionsTests.swift */,
				E96E501623A3518F0092503F /* Info.plist */,
			);
			path = URLSessionExtensionsTests;
			sourceTree = "<group>";
		};
/* End PBXGroup section */

/* Begin PBXHeadersBuildPhase section */
		E96E500123A3518E0092503F /* Headers */ = {
			isa = PBXHeadersBuildPhase;
			buildActionMask = 2147483647;
			files = (
				E96E501723A3518F0092503F /* URLSessionExtensions.h in Headers */,
			);
			runOnlyForDeploymentPostprocessing = 0;
		};
/* End PBXHeadersBuildPhase section */

/* Begin PBXNativeTarget section */
		E96E500523A3518E0092503F /* URLSessionExtensions */ = {
			isa = PBXNativeTarget;
			buildConfigurationList = E96E501A23A3518F0092503F /* Build configuration list for PBXNativeTarget "URLSessionExtensions" */;
			buildPhases = (
				E96E500123A3518E0092503F /* Headers */,
				E96E500223A3518E0092503F /* Sources */,
				E96E500323A3518E0092503F /* Frameworks */,
				E96E500423A3518E0092503F /* Resources */,
			);
			buildRules = (
			);
			dependencies = (
			);
			name = URLSessionExtensions;
			productName = URLSessionExtensions;
			productReference = E96E500623A3518E0092503F /* URLSessionExtensions.framework */;
			productType = "com.apple.product-type.framework";
		};
		E96E500E23A3518F0092503F /* URLSessionExtensionsTests */ = {
			isa = PBXNativeTarget;
			buildConfigurationList = E96E501D23A3518F0092503F /* Build configuration list for PBXNativeTarget "URLSessionExtensionsTests" */;
			buildPhases = (
				E96E500B23A3518F0092503F /* Sources */,
				E96E500C23A3518F0092503F /* Frameworks */,
				E96E500D23A3518F0092503F /* Resources */,
			);
			buildRules = (
			);
			dependencies = (
				E96E501223A3518F0092503F /* PBXTargetDependency */,
			);
			name = URLSessionExtensionsTests;
			productName = URLSessionExtensionsTests;
			productReference = E96E500F23A3518F0092503F /* URLSessionExtensionsTests.xctest */;
			productType = "com.apple.product-type.bundle.unit-test";
		};
/* End PBXNativeTarget section */

/* Begin PBXProject section */
		E96E4FFD23A3518E0092503F /* Project object */ = {
			isa = PBXProject;
			attributes = {
				LastSwiftUpdateCheck = 1010;
				LastUpgradeCheck = 1010;
				ORGANIZATIONNAME = "Tim Wolff";
				TargetAttributes = {
					E96E500523A3518E0092503F = {
						CreatedOnToolsVersion = 10.1;
					};
					E96E500E23A3518F0092503F = {
						CreatedOnToolsVersion = 10.1;
					};
				};
			};
			buildConfigurationList = E96E500023A3518E0092503F /* Build configuration list for PBXProject "URLSessionExtensions" */;
			compatibilityVersion = "Xcode 9.3";
			developmentRegion = en;
			hasScannedForEncodings = 0;
			knownRegions = (
				en,
			);
			mainGroup = E96E4FFC23A3518E0092503F;
			productRefGroup = E96E500723A3518E0092503F /* Products */;
			projectDirPath = "";
			projectRoot = "";
			targets = (
				E96E500523A3518E0092503F /* URLSessionExtensions */,
				E96E500E23A3518F0092503F /* URLSessionExtensionsTests */,
			);
		};
/* End PBXProject section */

/* Begin PBXResourcesBuildPhase section */
		E96E500423A3518E0092503F /* Resources */ = {
			isa = PBXResourcesBuildPhase;
			buildActionMask = 2147483647;
			files = (
			);
			runOnlyForDeploymentPostprocessing = 0;
		};
		E96E500D23A3518F0092503F /* Resources */ = {
			isa = PBXResourcesBuildPhase;
			buildActionMask = 2147483647;
			files = (
			);
			runOnlyForDeploymentPostprocessing = 0;
		};
/* End PBXResourcesBuildPhase section */

/* Begin PBXSourcesBuildPhase section */
		E96E500223A3518E0092503F /* Sources */ = {
			isa = PBXSourcesBuildPhase;
			buildActionMask = 2147483647;
			files = (
			);
			runOnlyForDeploymentPostprocessing = 0;
		};
		E96E500B23A3518F0092503F /* Sources */ = {
			isa = PBXSourcesBuildPhase;
			buildActionMask = 2147483647;
			files = (
				E96E501523A3518F0092503F /* URLSessionExtensionsTests.swift in Sources */,
			);
			runOnlyForDeploymentPostprocessing = 0;
		};
/* End PBXSourcesBuildPhase section */

/* Begin PBXTargetDependency section */
		E96E501223A3518F0092503F /* PBXTargetDependency */ = {
			isa = PBXTargetDependency;
			target = E96E500523A3518E0092503F /* URLSessionExtensions */;
			targetProxy = E96E501123A3518F0092503F /* PBXContainerItemProxy */;
		};
/* End PBXTargetDependency section */

/* Begin XCBuildConfiguration section */
		E96E501823A3518F0092503F /* Debug */ = {
			isa = XCBuildConfiguration;
			buildSettings = {
				ALWAYS_SEARCH_USER_PATHS = NO;
				CLANG_ANALYZER_NONNULL = YES;
				CLANG_ANALYZER_NUMBER_OBJECT_CONVERSION = YES_AGGRESSIVE;
				CLANG_CXX_LANGUAGE_STANDARD = "gnu++14";
				CLANG_CXX_LIBRARY = "libc++";
				CLANG_ENABLE_MODULES = YES;
				CLANG_ENABLE_OBJC_ARC = YES;
				CLANG_ENABLE_OBJC_WEAK = YES;
				CLANG_WARN_BLOCK_CAPTURE_AUTORELEASING = YES;
				CLANG_WARN_BOOL_CONVERSION = YES;
				CLANG_WARN_COMMA = YES;
				CLANG_WARN_CONSTANT_CONVERSION = YES;
				CLANG_WARN_DEPRECATED_OBJC_IMPLEMENTATIONS = YES;
				CLANG_WARN_DIRECT_OBJC_ISA_USAGE = YES_ERROR;
				CLANG_WARN_DOCUMENTATION_COMMENTS = YES;
				CLANG_WARN_EMPTY_BODY = YES;
				CLANG_WARN_ENUM_CONVERSION = YES;
				CLANG_WARN_INFINITE_RECURSION = YES;
				CLANG_WARN_INT_CONVERSION = YES;
				CLANG_WARN_NON_LITERAL_NULL_CONVERSION = YES;
				CLANG_WARN_OBJC_IMPLICIT_RETAIN_SELF = YES;
				CLANG_WARN_OBJC_LITERAL_CONVERSION = YES;
				CLANG_WARN_OBJC_ROOT_CLASS = YES_ERROR;
				CLANG_WARN_RANGE_LOOP_ANALYSIS = YES;
				CLANG_WARN_STRICT_PROTOTYPES = YES;
				CLANG_WARN_SUSPICIOUS_MOVE = YES;
				CLANG_WARN_UNGUARDED_AVAILABILITY = YES_AGGRESSIVE;
				CLANG_WARN_UNREACHABLE_CODE = YES;
				CLANG_WARN__DUPLICATE_METHOD_MATCH = YES;
				CODE_SIGN_IDENTITY = "Mac Developer";
				COPY_PHASE_STRIP = NO;
				CURRENT_PROJECT_VERSION = 1;
				DEBUG_INFORMATION_FORMAT = dwarf;
				ENABLE_STRICT_OBJC_MSGSEND = YES;
				ENABLE_TESTABILITY = YES;
				GCC_C_LANGUAGE_STANDARD = gnu11;
				GCC_DYNAMIC_NO_PIC = NO;
				GCC_NO_COMMON_BLOCKS = YES;
				GCC_OPTIMIZATION_LEVEL = 0;
				GCC_PREPROCESSOR_DEFINITIONS = (
					"DEBUG=1",
					"$(inherited)",
				);
				GCC_WARN_64_TO_32_BIT_CONVERSION = YES;
				GCC_WARN_ABOUT_RETURN_TYPE = YES_ERROR;
				GCC_WARN_UNDECLARED_SELECTOR = YES;
				GCC_WARN_UNINITIALIZED_AUTOS = YES_AGGRESSIVE;
				GCC_WARN_UNUSED_FUNCTION = YES;
				GCC_WARN_UNUSED_VARIABLE = YES;
				MACOSX_DEPLOYMENT_TARGET = 10.13;
				MTL_ENABLE_DEBUG_INFO = INCLUDE_SOURCE;
				MTL_FAST_MATH = YES;
				ONLY_ACTIVE_ARCH = YES;
				SDKROOT = macosx;
				SWIFT_ACTIVE_COMPILATION_CONDITIONS = DEBUG;
				SWIFT_OPTIMIZATION_LEVEL = "-Onone";
				VERSIONING_SYSTEM = "apple-generic";
				VERSION_INFO_PREFIX = "";
			};
			name = Debug;
		};
		E96E501923A3518F0092503F /* Release */ = {
			isa = XCBuildConfiguration;
			buildSettings = {
				ALWAYS_SEARCH_USER_PATHS = NO;
				CLANG_ANALYZER_NONNULL = YES;
				CLANG_ANALYZER_NUMBER_OBJECT_CONVERSION = YES_AGGRESSIVE;
				CLANG_CXX_LANGUAGE_STANDARD = "gnu++14";
				CLANG_CXX_LIBRARY = "libc++";
				CLANG_ENABLE_MODULES = YES;
				CLANG_ENABLE_OBJC_ARC = YES;
				CLANG_ENABLE_OBJC_WEAK = YES;
				CLANG_WARN_BLOCK_CAPTURE_AUTORELEASING = YES;
				CLANG_WARN_BOOL_CONVERSION = YES;
				CLANG_WARN_COMMA = YES;
				CLANG_WARN_CONSTANT_CONVERSION = YES;
				CLANG_WARN_DEPRECATED_OBJC_IMPLEMENTATIONS = YES;
				CLANG_WARN_DIRECT_OBJC_ISA_USAGE = YES_ERROR;
				CLANG_WARN_DOCUMENTATION_COMMENTS = YES;
				CLANG_WARN_EMPTY_BODY = YES;
				CLANG_WARN_ENUM_CONVERSION = YES;
				CLANG_WARN_INFINITE_RECURSION = YES;
				CLANG_WARN_INT_CONVERSION = YES;
				CLANG_WARN_NON_LITERAL_NULL_CONVERSION = YES;
				CLANG_WARN_OBJC_IMPLICIT_RETAIN_SELF = YES;
				CLANG_WARN_OBJC_LITERAL_CONVERSION = YES;
				CLANG_WARN_OBJC_ROOT_CLASS = YES_ERROR;
				CLANG_WARN_RANGE_LOOP_ANALYSIS = YES;
				CLANG_WARN_STRICT_PROTOTYPES = YES;
				CLANG_WARN_SUSPICIOUS_MOVE = YES;
				CLANG_WARN_UNGUARDED_AVAILABILITY = YES_AGGRESSIVE;
				CLANG_WARN_UNREACHABLE_CODE = YES;
				CLANG_WARN__DUPLICATE_METHOD_MATCH = YES;
				CODE_SIGN_IDENTITY = "Mac Developer";
				COPY_PHASE_STRIP = NO;
				CURRENT_PROJECT_VERSION = 1;
				DEBUG_INFORMATION_FORMAT = "dwarf-with-dsym";
				ENABLE_NS_ASSERTIONS = NO;
				ENABLE_STRICT_OBJC_MSGSEND = YES;
				GCC_C_LANGUAGE_STANDARD = gnu11;
				GCC_NO_COMMON_BLOCKS = YES;
				GCC_WARN_64_TO_32_BIT_CONVERSION = YES;
				GCC_WARN_ABOUT_RETURN_TYPE = YES_ERROR;
				GCC_WARN_UNDECLARED_SELECTOR = YES;
				GCC_WARN_UNINITIALIZED_AUTOS = YES_AGGRESSIVE;
				GCC_WARN_UNUSED_FUNCTION = YES;
				GCC_WARN_UNUSED_VARIABLE = YES;
				MACOSX_DEPLOYMENT_TARGET = 10.13;
				MTL_ENABLE_DEBUG_INFO = NO;
				MTL_FAST_MATH = YES;
				SDKROOT = macosx;
				SWIFT_COMPILATION_MODE = wholemodule;
				SWIFT_OPTIMIZATION_LEVEL = "-O";
				VERSIONING_SYSTEM = "apple-generic";
				VERSION_INFO_PREFIX = "";
			};
			name = Release;
		};
		E96E501B23A3518F0092503F /* Debug */ = {
			isa = XCBuildConfiguration;
			buildSettings = {
				CODE_SIGN_IDENTITY = "";
				CODE_SIGN_STYLE = Automatic;
				COMBINE_HIDPI_IMAGES = YES;
				DEFINES_MODULE = YES;
				DEVELOPMENT_TEAM = QD62EL5GHG;
				DYLIB_COMPATIBILITY_VERSION = 1;
				DYLIB_CURRENT_VERSION = 1;
				DYLIB_INSTALL_NAME_BASE = "@rpath";
				FRAMEWORK_VERSION = A;
				INFOPLIST_FILE = URLSessionExtensions/Info.plist;
				INSTALL_PATH = "$(LOCAL_LIBRARY_DIR)/Frameworks";
				LD_RUNPATH_SEARCH_PATHS = (
					"$(inherited)",
					"@executable_path/../Frameworks",
					"@loader_path/Frameworks",
				);
				PRODUCT_BUNDLE_IDENTIFIER = dk.codepod.URLSessionExtensions;
				PRODUCT_NAME = "$(TARGET_NAME:c99extidentifier)";
				SKIP_INSTALL = YES;
				SWIFT_VERSION = 4.2;
			};
			name = Debug;
		};
		E96E501C23A3518F0092503F /* Release */ = {
			isa = XCBuildConfiguration;
			buildSettings = {
				CODE_SIGN_IDENTITY = "";
				CODE_SIGN_STYLE = Automatic;
				COMBINE_HIDPI_IMAGES = YES;
				DEFINES_MODULE = YES;
				DEVELOPMENT_TEAM = QD62EL5GHG;
				DYLIB_COMPATIBILITY_VERSION = 1;
				DYLIB_CURRENT_VERSION = 1;
				DYLIB_INSTALL_NAME_BASE = "@rpath";
				FRAMEWORK_VERSION = A;
				INFOPLIST_FILE = URLSessionExtensions/Info.plist;
				INSTALL_PATH = "$(LOCAL_LIBRARY_DIR)/Frameworks";
				LD_RUNPATH_SEARCH_PATHS = (
					"$(inherited)",
					"@executable_path/../Frameworks",
					"@loader_path/Frameworks",
				);
				PRODUCT_BUNDLE_IDENTIFIER = dk.codepod.URLSessionExtensions;
				PRODUCT_NAME = "$(TARGET_NAME:c99extidentifier)";
				SKIP_INSTALL = YES;
				SWIFT_VERSION = 4.2;
			};
			name = Release;
		};
		E96E501E23A3518F0092503F /* Debug */ = {
			isa = XCBuildConfiguration;
			buildSettings = {
				CODE_SIGN_STYLE = Automatic;
				COMBINE_HIDPI_IMAGES = YES;
				DEVELOPMENT_TEAM = QD62EL5GHG;
				INFOPLIST_FILE = URLSessionExtensionsTests/Info.plist;
				LD_RUNPATH_SEARCH_PATHS = (
					"$(inherited)",
					"@executable_path/../Frameworks",
					"@loader_path/../Frameworks",
				);
				PRODUCT_BUNDLE_IDENTIFIER = dk.codepod.URLSessionExtensionsTests;
				PRODUCT_NAME = "$(TARGET_NAME)";
				SWIFT_VERSION = 4.2;
			};
			name = Debug;
		};
		E96E501F23A3518F0092503F /* Release */ = {
			isa = XCBuildConfiguration;
			buildSettings = {
				CODE_SIGN_STYLE = Automatic;
				COMBINE_HIDPI_IMAGES = YES;
				DEVELOPMENT_TEAM = QD62EL5GHG;
				INFOPLIST_FILE = URLSessionExtensionsTests/Info.plist;
				LD_RUNPATH_SEARCH_PATHS = (
					"$(inherited)",
					"@executable_path/../Frameworks",
					"@loader_path/../Frameworks",
				);
				PRODUCT_BUNDLE_IDENTIFIER = dk.codepod.URLSessionExtensionsTests;
				PRODUCT_NAME = "$(TARGET_NAME)";
				SWIFT_VERSION = 4.2;
			};
			name = Release;
		};
/* End XCBuildConfiguration section */

/* Begin XCConfigurationList section */
		E96E500023A3518E0092503F /* Build configuration list for PBXProject "URLSessionExtensions" */ = {
			isa = XCConfigurationList;
			buildConfigurations = (
				E96E501823A3518F0092503F /* Debug */,
				E96E501923A3518F0092503F /* Release */,
			);
			defaultConfigurationIsVisible = 0;
			defaultConfigurationName = Release;
		};
		E96E501A23A3518F0092503F /* Build configuration list for PBXNativeTarget "URLSessionExtensions" */ = {
			isa = XCConfigurationList;
			buildConfigurations = (
				E96E501B23A3518F0092503F /* Debug */,
				E96E501C23A3518F0092503F /* Release */,
			);
			defaultConfigurationIsVisible = 0;
			defaultConfigurationName = Release;
		};
		E96E501D23A3518F0092503F /* Build configuration list for PBXNativeTarget "URLSessionExtensionsTests" */ = {
			isa = XCConfigurationList;
			buildConfigurations = (
				E96E501E23A3518F0092503F /* Debug */,
				E96E501F23A3518F0092503F /* Release */,
			);
			defaultConfigurationIsVisible = 0;
			defaultConfigurationName = Release;
		};
/* End XCConfigurationList section */
	};
	rootObject = E96E4FFD23A3518E0092503F /* Project object */;
}
